# THIS IS AN AUTOGENERATED FILE. DO NOT EDIT THIS FILE DIRECTLY.
# yarn lockfile v1


"@types/node@7.0.43":
  version "7.0.43"
  resolved "https://registry.yarnpkg.com/@types/node/-/node-7.0.43.tgz#a187e08495a075f200ca946079c914e1a5fe962c"

vscode-extension-telemetry@0.4.5:
  version "0.4.5"
  resolved "https://registry.yarnpkg.com/vscode-extension-telemetry/-/vscode-extension-telemetry-0.4.5.tgz#1957d5a8b0cd6ad9a79d4f260fe037fbf98732bb"
  integrity sha512-YhPiPcelqM5xyYWmD46jIcsxLYWkPZhAxlBkzqmpa218fMtTT17ERdOZVCXcs1S5AjvDHlq43yCgi8TaVQjjEg==

vscode-jsonrpc@^3.6.2:
  version "3.6.2"
  resolved "https://registry.yarnpkg.com/vscode-jsonrpc/-/vscode-jsonrpc-3.6.2.tgz#3b5eef691159a15556ecc500e9a8a0dd143470c8"

vscode-languageclient@^4.4.0:
  version "4.4.0"
  resolved "https://registry.yarnpkg.com/vscode-languageclient/-/vscode-languageclient-4.4.0.tgz#b05868f6477b6f0c9910b24daae4f3e8c4b65902"
  dependencies:
    vscode-languageserver-protocol "^3.10.0"

vscode-languageserver-protocol@^3.10.0:
  version "3.10.0"
  resolved "https://registry.yarnpkg.com/vscode-languageserver-protocol/-/vscode-languageserver-protocol-3.10.0.tgz#f8dcdf987687f64a26e7c32d498fc781a0e886dc"
  dependencies:
    vscode-jsonrpc "^3.6.2"
    vscode-languageserver-types "^3.10.0"

vscode-languageserver-types@^3.10.0:
  version "3.10.0"
  resolved "https://registry.yarnpkg.com/vscode-languageserver-types/-/vscode-languageserver-types-3.10.0.tgz#944e5308f3b36a3f372c766f1a344e903ec9c389"

vscode-nls@^3.2.4:
  version "3.2.4"
  resolved "https://registry.yarnpkg.com/vscode-nls/-/vscode-nls-3.2.4.tgz#2166b4183c8aea884d20727f5449e62be69fd398"
